// !$*UTF8*$!
{
	archiveVersion = 1;
	classes = {
	};
	objectVersion = 46;
	objects = {

/* Begin PBXBuildFile section */
		48507DC61956262100717D8A /* AppDelegate.swift in Sources */ = {isa = PBXBuildFile; fileRef = 48507DC51956262100717D8A /* AppDelegate.swift */; };
		48507DC91956262100717D8A /* Demo.xcdatamodeld in Sources */ = {isa = PBXBuildFile; fileRef = 48507DC71956262100717D8A /* Demo.xcdatamodeld */; };
		48507DCB1956262100717D8A /* ViewController.swift in Sources */ = {isa = PBXBuildFile; fileRef = 48507DCA1956262100717D8A /* ViewController.swift */; };
		48507DCE1956262100717D8A /* Main.storyboard in Resources */ = {isa = PBXBuildFile; fileRef = 48507DCC1956262100717D8A /* Main.storyboard */; };
		48507DD01956262100717D8A /* Images.xcassets in Resources */ = {isa = PBXBuildFile; fileRef = 48507DCF1956262100717D8A /* Images.xcassets */; };
		48507DDC1956262100717D8A /* DemoTests.swift in Sources */ = {isa = PBXBuildFile; fileRef = 48507DDB1956262100717D8A /* DemoTests.swift */; };
		48507DEE1956264C00717D8A /* JsonManagedObject.framework in Frameworks */ = {isa = PBXBuildFile; fileRef = 48507DEB1956263300717D8A /* JsonManagedObject.framework */; };
		48507DEF1956264C00717D8A /* JsonManagedObject.framework in Embed Frameworks */ = {isa = PBXBuildFile; fileRef = 48507DEB1956263300717D8A /* JsonManagedObject.framework */; settings = {ATTRIBUTES = (CodeSignOnCopy, ); }; };
/* End PBXBuildFile section */

/* Begin PBXContainerItemProxy section */
		48507DD61956262100717D8A /* PBXContainerItemProxy */ = {
			isa = PBXContainerItemProxy;
			containerPortal = 48507DB81956262100717D8A /* Project object */;
			proxyType = 1;
			remoteGlobalIDString = 48507DBF1956262100717D8A;
			remoteInfo = Demo;
		};
		48507DEA1956263300717D8A /* PBXContainerItemProxy */ = {
			isa = PBXContainerItemProxy;
			containerPortal = 48507DE51956263300717D8A /* JsonManagedObject.xcodeproj */;
			proxyType = 2;
			remoteGlobalIDString = 48507D7B19561C2600717D8A;
			remoteInfo = JsonManagedObject;
		};
		48507DEC1956263300717D8A /* PBXContainerItemProxy */ = {
			isa = PBXContainerItemProxy;
			containerPortal = 48507DE51956263300717D8A /* JsonManagedObject.xcodeproj */;
			proxyType = 2;
			remoteGlobalIDString = 48507D8619561C2600717D8A;
			remoteInfo = JsonManagedObjectTests;
		};
		48507DF01956264C00717D8A /* PBXContainerItemProxy */ = {
			isa = PBXContainerItemProxy;
			containerPortal = 48507DE51956263300717D8A /* JsonManagedObject.xcodeproj */;
			proxyType = 1;
			remoteGlobalIDString = 48507D7A19561C2600717D8A;
			remoteInfo = JsonManagedObject;
		};
		48507DF31956264D00717D8A /* PBXContainerItemProxy */ = {
			isa = PBXContainerItemProxy;
			containerPortal = 48507DB81956262100717D8A /* Project object */;
			proxyType = 1;
			remoteGlobalIDString = 48507DBF1956262100717D8A;
			remoteInfo = Demo;
		};
/* End PBXContainerItemProxy section */

/* Begin PBXCopyFilesBuildPhase section */
		48507DF21956264C00717D8A /* Embed Frameworks */ = {
			isa = PBXCopyFilesBuildPhase;
			buildActionMask = 2147483647;
			dstPath = "";
			dstSubfolderSpec = 10;
			files = (
				48507DEF1956264C00717D8A /* JsonManagedObject.framework in Embed Frameworks */,
			);
			name = "Embed Frameworks";
			runOnlyForDeploymentPostprocessing = 0;
		};
/* End PBXCopyFilesBuildPhase section */

/* Begin PBXFileReference section */
		48507DC01956262100717D8A /* Demo.app */ = {isa = PBXFileReference; explicitFileType = wrapper.application; includeInIndex = 0; path = Demo.app; sourceTree = BUILT_PRODUCTS_DIR; };
		48507DC41956262100717D8A /* Info.plist */ = {isa = PBXFileReference; lastKnownFileType = text.plist.xml; path = Info.plist; sourceTree = "<group>"; };
		48507DC51956262100717D8A /* AppDelegate.swift */ = {isa = PBXFileReference; lastKnownFileType = sourcecode.swift; path = AppDelegate.swift; sourceTree = "<group>"; };
		48507DC81956262100717D8A /* Demo.xcdatamodel */ = {isa = PBXFileReference; lastKnownFileType = wrapper.xcdatamodel; path = Demo.xcdatamodel; sourceTree = "<group>"; };
		48507DCA1956262100717D8A /* ViewController.swift */ = {isa = PBXFileReference; lastKnownFileType = sourcecode.swift; path = ViewController.swift; sourceTree = "<group>"; };
		48507DCD1956262100717D8A /* Base */ = {isa = PBXFileReference; lastKnownFileType = file.storyboard; name = Base; path = Base.lproj/Main.storyboard; sourceTree = "<group>"; };
		48507DCF1956262100717D8A /* Images.xcassets */ = {isa = PBXFileReference; lastKnownFileType = folder.assetcatalog; path = Images.xcassets; sourceTree = "<group>"; };
		48507DD51956262100717D8A /* DemoTests.xctest */ = {isa = PBXFileReference; explicitFileType = wrapper.cfbundle; includeInIndex = 0; path = DemoTests.xctest; sourceTree = BUILT_PRODUCTS_DIR; };
		48507DDA1956262100717D8A /* Info.plist */ = {isa = PBXFileReference; lastKnownFileType = text.plist.xml; path = Info.plist; sourceTree = "<group>"; };
		48507DDB1956262100717D8A /* DemoTests.swift */ = {isa = PBXFileReference; lastKnownFileType = sourcecode.swift; path = DemoTests.swift; sourceTree = "<group>"; };
		48507DE51956263300717D8A /* JsonManagedObject.xcodeproj */ = {isa = PBXFileReference; lastKnownFileType = "wrapper.pb-project"; name = JsonManagedObject.xcodeproj; path = ../JsonManagedObject/JsonManagedObject.xcodeproj; sourceTree = "<group>"; };
/* End PBXFileReference section */

/* Begin PBXFrameworksBuildPhase section */
		48507DBD1956262100717D8A /* Frameworks */ = {
			isa = PBXFrameworksBuildPhase;
			buildActionMask = 2147483647;
			files = (
				48507DEE1956264C00717D8A /* JsonManagedObject.framework in Frameworks */,
			);
			runOnlyForDeploymentPostprocessing = 0;
		};
		48507DD21956262100717D8A /* Frameworks */ = {
			isa = PBXFrameworksBuildPhase;
			buildActionMask = 2147483647;
			files = (
			);
			runOnlyForDeploymentPostprocessing = 0;
		};
/* End PBXFrameworksBuildPhase section */

/* Begin PBXGroup section */
		48507DB71956262100717D8A = {
			isa = PBXGroup;
			children = (
				48507DE51956263300717D8A /* JsonManagedObject.xcodeproj */,
				48507DC21956262100717D8A /* Demo */,
				48507DD81956262100717D8A /* DemoTests */,
				48507DC11956262100717D8A /* Products */,
			);
			sourceTree = "<group>";
		};
		48507DC11956262100717D8A /* Products */ = {
			isa = PBXGroup;
			children = (
				48507DC01956262100717D8A /* Demo.app */,
				48507DD51956262100717D8A /* DemoTests.xctest */,
			);
			name = Products;
			sourceTree = "<group>";
		};
		48507DC21956262100717D8A /* Demo */ = {
			isa = PBXGroup;
			children = (
				48507DC51956262100717D8A /* AppDelegate.swift */,
				48507DCA1956262100717D8A /* ViewController.swift */,
				48507DCC1956262100717D8A /* Main.storyboard */,
				48507DCF1956262100717D8A /* Images.xcassets */,
				48507DC71956262100717D8A /* Demo.xcdatamodeld */,
				48507DC31956262100717D8A /* Supporting Files */,
			);
			path = Demo;
			sourceTree = "<group>";
		};
		48507DC31956262100717D8A /* Supporting Files */ = {
			isa = PBXGroup;
			children = (
				48507DC41956262100717D8A /* Info.plist */,
			);
			name = "Supporting Files";
			sourceTree = "<group>";
		};
		48507DD81956262100717D8A /* DemoTests */ = {
			isa = PBXGroup;
			children = (
				48507DDB1956262100717D8A /* DemoTests.swift */,
				48507DD91956262100717D8A /* Supporting Files */,
			);
			path = DemoTests;
			sourceTree = "<group>";
		};
		48507DD91956262100717D8A /* Supporting Files */ = {
			isa = PBXGroup;
			children = (
				48507DDA1956262100717D8A /* Info.plist */,
			);
			name = "Supporting Files";
			sourceTree = "<group>";
		};
		48507DE61956263300717D8A /* Products */ = {
			isa = PBXGroup;
			children = (
				48507DEB1956263300717D8A /* JsonManagedObject.framework */,
				48507DED1956263300717D8A /* JsonManagedObjectTests.xctest */,
			);
			name = Products;
			sourceTree = "<group>";
		};
/* End PBXGroup section */

/* Begin PBXNativeTarget section */
		48507DBF1956262100717D8A /* Demo */ = {
			isa = PBXNativeTarget;
			buildConfigurationList = 48507DDF1956262100717D8A /* Build configuration list for PBXNativeTarget "Demo" */;
			buildPhases = (
				48507DBC1956262100717D8A /* Sources */,
				48507DBD1956262100717D8A /* Frameworks */,
				48507DBE1956262100717D8A /* Resources */,
				48507DF21956264C00717D8A /* Embed Frameworks */,
			);
			buildRules = (
			);
			dependencies = (
				48507DF11956264C00717D8A /* PBXTargetDependency */,
			);
			name = Demo;
			productName = Demo;
			productReference = 48507DC01956262100717D8A /* Demo.app */;
			productType = "com.apple.product-type.application";
		};
		48507DD41956262100717D8A /* DemoTests */ = {
			isa = PBXNativeTarget;
			buildConfigurationList = 48507DE21956262100717D8A /* Build configuration list for PBXNativeTarget "DemoTests" */;
			buildPhases = (
				48507DD11956262100717D8A /* Sources */,
				48507DD21956262100717D8A /* Frameworks */,
				48507DD31956262100717D8A /* Resources */,
			);
			buildRules = (
			);
			dependencies = (
				48507DD71956262100717D8A /* PBXTargetDependency */,
				48507DF41956264D00717D8A /* PBXTargetDependency */,
			);
			name = DemoTests;
			productName = DemoTests;
			productReference = 48507DD51956262100717D8A /* DemoTests.xctest */;
			productType = "com.apple.product-type.bundle.unit-test";
		};
/* End PBXNativeTarget section */

/* Begin PBXProject section */
		48507DB81956262100717D8A /* Project object */ = {
			isa = PBXProject;
			attributes = {
				LastUpgradeCheck = 0600;
				ORGANIZATIONNAME = cdebortoli;
				TargetAttributes = {
					48507DBF1956262100717D8A = {
						CreatedOnToolsVersion = 6.0;
					};
					48507DD41956262100717D8A = {
						CreatedOnToolsVersion = 6.0;
						TestTargetID = 48507DBF1956262100717D8A;
					};
				};
			};
			buildConfigurationList = 48507DBB1956262100717D8A /* Build configuration list for PBXProject "Demo" */;
			compatibilityVersion = "Xcode 3.2";
			developmentRegion = English;
			hasScannedForEncodings = 0;
			knownRegions = (
				en,
				Base,
			);
			mainGroup = 48507DB71956262100717D8A;
			productRefGroup = 48507DC11956262100717D8A /* Products */;
			projectDirPath = "";
			projectReferences = (
				{
					ProductGroup = 48507DE61956263300717D8A /* Products */;
					ProjectRef = 48507DE51956263300717D8A /* JsonManagedObject.xcodeproj */;
				},
			);
			projectRoot = "";
			targets = (
				48507DBF1956262100717D8A /* Demo */,
				48507DD41956262100717D8A /* DemoTests */,
			);
		};
/* End PBXProject section */

/* Begin PBXReferenceProxy section */
		48507DEB1956263300717D8A /* JsonManagedObject.framework */ = {
			isa = PBXReferenceProxy;
			fileType = wrapper.framework;
			path = JsonManagedObject.framework;
			remoteRef = 48507DEA1956263300717D8A /* PBXContainerItemProxy */;
			sourceTree = BUILT_PRODUCTS_DIR;
		};
		48507DED1956263300717D8A /* JsonManagedObjectTests.xctest */ = {
			isa = PBXReferenceProxy;
			fileType = wrapper.cfbundle;
			path = JsonManagedObjectTests.xctest;
			remoteRef = 48507DEC1956263300717D8A /* PBXContainerItemProxy */;
			sourceTree = BUILT_PRODUCTS_DIR;
		};
/* End PBXReferenceProxy section */

/* Begin PBXResourcesBuildPhase section */
		48507DBE1956262100717D8A /* Resources */ = {
			isa = PBXResourcesBuildPhase;
			buildActionMask = 2147483647;
			files = (
				48507DCE1956262100717D8A /* Main.storyboard in Resources */,
				48507DD01956262100717D8A /* Images.xcassets in Resources */,
			);
			runOnlyForDeploymentPostprocessing = 0;
		};
		48507DD31956262100717D8A /* Resources */ = {
			isa = PBXResourcesBuildPhase;
			buildActionMask = 2147483647;
			files = (
			);
			runOnlyForDeploymentPostprocessing = 0;
		};
/* End PBXResourcesBuildPhase section */

/* Begin PBXSourcesBuildPhase section */
		48507DBC1956262100717D8A /* Sources */ = {
			isa = PBXSourcesBuildPhase;
			buildActionMask = 2147483647;
			files = (
				48507DCB1956262100717D8A /* ViewController.swift in Sources */,
				48507DC91956262100717D8A /* Demo.xcdatamodeld in Sources */,
				48507DC61956262100717D8A /* AppDelegate.swift in Sources */,
			);
			runOnlyForDeploymentPostprocessing = 0;
		};
		48507DD11956262100717D8A /* Sources */ = {
			isa = PBXSourcesBuildPhase;
			buildActionMask = 2147483647;
			files = (
				48507DDC1956262100717D8A /* DemoTests.swift in Sources */,
			);
			runOnlyForDeploymentPostprocessing = 0;
		};
/* End PBXSourcesBuildPhase section */

/* Begin PBXTargetDependency section */
		48507DD71956262100717D8A /* PBXTargetDependency */ = {
			isa = PBXTargetDependency;
			target = 48507DBF1956262100717D8A /* Demo */;
			targetProxy = 48507DD61956262100717D8A /* PBXContainerItemProxy */;
		};
		48507DF11956264C00717D8A /* PBXTargetDependency */ = {
			isa = PBXTargetDependency;
			name = JsonManagedObject;
			targetProxy = 48507DF01956264C00717D8A /* PBXContainerItemProxy */;
		};
		48507DF41956264D00717D8A /* PBXTargetDependency */ = {
			isa = PBXTargetDependency;
			target = 48507DBF1956262100717D8A /* Demo */;
			targetProxy = 48507DF31956264D00717D8A /* PBXContainerItemProxy */;
		};
/* End PBXTargetDependency section */

/* Begin PBXVariantGroup section */
		48507DCC1956262100717D8A /* Main.storyboard */ = {
			isa = PBXVariantGroup;
			children = (
				48507DCD1956262100717D8A /* Base */,
			);
			name = Main.storyboard;
			sourceTree = "<group>";
		};
/* End PBXVariantGroup section */

/* Begin XCBuildConfiguration section */
		48507DDD1956262100717D8A /* Debug */ = {
			isa = XCBuildConfiguration;
			buildSettings = {
				ALWAYS_SEARCH_USER_PATHS = NO;
				CLANG_CXX_LANGUAGE_STANDARD = "gnu++0x";
				CLANG_CXX_LIBRARY = "libc++";
				CLANG_ENABLE_MODULES = YES;
				CLANG_ENABLE_OBJC_ARC = YES;
				CLANG_WARN_BOOL_CONVERSION = YES;
				CLANG_WARN_CONSTANT_CONVERSION = YES;
				CLANG_WARN_DIRECT_OBJC_ISA_USAGE = YES_ERROR;
				CLANG_WARN_EMPTY_BODY = YES;
				CLANG_WARN_ENUM_CONVERSION = YES;
				CLANG_WARN_INT_CONVERSION = YES;
				CLANG_WARN_OBJC_ROOT_CLASS = YES_ERROR;
				CLANG_WARN_UNREACHABLE_CODE = YES;
				CLANG_WARN__DUPLICATE_METHOD_MATCH = YES;
				"CODE_SIGN_IDENTITY[sdk=iphoneos*]" = "iPhone Developer";
				COPY_PHASE_STRIP = NO;
				ENABLE_STRICT_OBJC_MSGSEND = YES;
				GCC_C_LANGUAGE_STANDARD = gnu99;
				GCC_DYNAMIC_NO_PIC = NO;
				GCC_OPTIMIZATION_LEVEL = 0;
				GCC_PREPROCESSOR_DEFINITIONS = (
					"DEBUG=1",
					"$(inherited)",
				);
				GCC_SYMBOLS_PRIVATE_EXTERN = NO;
				GCC_WARN_64_TO_32_BIT_CONVERSION = YES;
				GCC_WARN_ABOUT_RETURN_TYPE = YES_ERROR;
				GCC_WARN_UNDECLARED_SELECTOR = YES;
				GCC_WARN_UNINITIALIZED_AUTOS = YES_AGGRESSIVE;
				GCC_WARN_UNUSED_FUNCTION = YES;
				GCC_WARN_UNUSED_VARIABLE = YES;
				IPHONEOS_DEPLOYMENT_TARGET = 8.0;
				METAL_ENABLE_DEBUG_INFO = YES;
				ONLY_ACTIVE_ARCH = YES;
				SDKROOT = iphoneos;
				SWIFT_OPTIMIZATION_LEVEL = "-Onone";
				TARGETED_DEVICE_FAMILY = 2;
			};
			name = Debug;
		};
		48507DDE1956262100717D8A /* Release */ = {
			isa = XCBuildConfiguration;
			buildSettings = {
				ALWAYS_SEARCH_USER_PATHS = NO;
				CLANG_CXX_LANGUAGE_STANDARD = "gnu++0x";
				CLANG_CXX_LIBRARY = "libc++";
				CLANG_ENABLE_MODULES = YES;
				CLANG_ENABLE_OBJC_ARC = YES;
				CLANG_WARN_BOOL_CONVERSION = YES;
				CLANG_WARN_CONSTANT_CONVERSION = YES;
				CLANG_WARN_DIRECT_OBJC_ISA_USAGE = YES_ERROR;
				CLANG_WARN_EMPTY_BODY = YES;
				CLANG_WARN_ENUM_CONVERSION = YES;
				CLANG_WARN_INT_CONVERSION = YES;
				CLANG_WARN_OBJC_ROOT_CLASS = YES_ERROR;
				CLANG_WARN_UNREACHABLE_CODE = YES;
				CLANG_WARN__DUPLICATE_METHOD_MATCH = YES;
				"CODE_SIGN_IDENTITY[sdk=iphoneos*]" = "iPhone Developer";
				COPY_PHASE_STRIP = YES;
				ENABLE_NS_ASSERTIONS = NO;
				ENABLE_STRICT_OBJC_MSGSEND = YES;
				GCC_C_LANGUAGE_STANDARD = gnu99;
				GCC_WARN_64_TO_32_BIT_CONVERSION = YES;
				GCC_WARN_ABOUT_RETURN_TYPE = YES_ERROR;
				GCC_WARN_UNDECLARED_SELECTOR = YES;
				GCC_WARN_UNINITIALIZED_AUTOS = YES_AGGRESSIVE;
				GCC_WARN_UNUSED_FUNCTION = YES;
				GCC_WARN_UNUSED_VARIABLE = YES;
				IPHONEOS_DEPLOYMENT_TARGET = 8.0;
				METAL_ENABLE_DEBUG_INFO = NO;
				SDKROOT = iphoneos;
				TARGETED_DEVICE_FAMILY = 2;
				VALIDATE_PRODUCT = YES;
			};
			name = Release;
		};
		48507DE01956262100717D8A /* Debug */ = {
			isa = XCBuildConfiguration;
			buildSettings = {
				ASSETCATALOG_COMPILER_APPICON_NAME = AppIcon;
				ASSETCATALOG_COMPILER_LAUNCHIMAGE_NAME = LaunchImage;
				INFOPLIST_FILE = Demo/Info.plist;
				LD_RUNPATH_SEARCH_PATHS = "$(inherited) @executable_path/Frameworks";
				PRODUCT_NAME = "$(TARGET_NAME)";
			};
			name = Debug;
		};
		48507DE11956262100717D8A /* Release */ = {
			isa = XCBuildConfiguration;
			buildSettings = {
				ASSETCATALOG_COMPILER_APPICON_NAME = AppIcon;
				ASSETCATALOG_COMPILER_LAUNCHIMAGE_NAME = LaunchImage;
				INFOPLIST_FILE = Demo/Info.plist;
				LD_RUNPATH_SEARCH_PATHS = "$(inherited) @executable_path/Frameworks";
				PRODUCT_NAME = "$(TARGET_NAME)";
			};
			name = Release;
		};
		48507DE31956262100717D8A /* Debug */ = {
			isa = XCBuildConfiguration;
			buildSettings = {
				BUNDLE_LOADER = "$(BUILT_PRODUCTS_DIR)/Demo.app/Demo";
				FRAMEWORK_SEARCH_PATHS = (
					"$(SDKROOT)/Developer/Library/Frameworks",
					"$(inherited)",
				);
				GCC_PREPROCESSOR_DEFINITIONS = (
					"DEBUG=1",
					"$(inherited)",
				);
				INFOPLIST_FILE = DemoTests/Info.plist;
				LD_RUNPATH_SEARCH_PATHS = "$(inherited) @executable_path/Frameworks @loader_path/Frameworks";
				METAL_ENABLE_DEBUG_INFO = YES;
				PRODUCT_NAME = "$(TARGET_NAME)";
				TEST_HOST = "$(BUNDLE_LOADER)";
			};
			name = Debug;
		};
		48507DE41956262100717D8A /* Release */ = {
			isa = XCBuildConfiguration;
			buildSettings = {
				BUNDLE_LOADER = "$(BUILT_PRODUCTS_DIR)/Demo.app/Demo";
				FRAMEWORK_SEARCH_PATHS = (
					"$(SDKROOT)/Developer/Library/Frameworks",
					"$(inherited)",
				);
				INFOPLIST_FILE = DemoTests/Info.plist;
				LD_RUNPATH_SEARCH_PATHS = "$(inherited) @executable_path/Frameworks @loader_path/Frameworks";
				METAL_ENABLE_DEBUG_INFO = NO;
				PRODUCT_NAME = "$(TARGET_NAME)";
				TEST_HOST = "$(BUNDLE_LOADER)";
			};
			name = Release;
		};
/* End XCBuildConfiguration section */

/* Begin XCConfigurationList section */
		48507DBB1956262100717D8A /* Build configuration list for PBXProject "Demo" */ = {
			isa = XCConfigurationList;
			buildConfigurations = (
				48507DDD1956262100717D8A /* Debug */,
				48507DDE1956262100717D8A /* Release */,
			);
			defaultConfigurationIsVisible = 0;
			defaultConfigurationName = Release;
		};
		48507DDF1956262100717D8A /* Build configuration list for PBXNativeTarget "Demo" */ = {
			isa = XCConfigurationList;
			buildConfigurations = (
				48507DE01956262100717D8A /* Debug */,
				48507DE11956262100717D8A /* Release */,
			);
			defaultConfigurationIsVisible = 0;
		};
		48507DE21956262100717D8A /* Build configuration list for PBXNativeTarget "DemoTests" */ = {
			isa = XCConfigurationList;
			buildConfigurations = (
				48507DE31956262100717D8A /* Debug */,
				48507DE41956262100717D8A /* Release */,
			);
			defaultConfigurationIsVisible = 0;
		};
/* End XCConfigurationList section */

/* Begin XCVersionGroup section */
		48507DC71956262100717D8A /* Demo.xcdatamodeld */ = {
			isa = XCVersionGroup;
			children = (
				48507DC81956262100717D8A /* Demo.xcdatamodel */,
			);
			currentVersion = 48507DC81956262100717D8A /* Demo.xcdatamodel */;
			path = Demo.xcdatamodeld;
			sourceTree = "<group>";
			versionGroupType = wrapper.xcdatamodel;
		};
/* End XCVersionGroup section */
	};
	rootObject = 48507DB81956262100717D8A /* Project object */;
}
